
Microsoft Visual Studio Solution File, Format Version 12.00
# Visual Studio Version 16
VisualStudioVersion = 16.0.32106.194
MinimumVisualStudioVersion = 10.0.40219.1
Project("{FAE04EC0-301F-11D3-BF4B-00C04F79EFBC}") = "SamuraiApp.Domain", "SamuraiApp.Domain\SamuraiApp.Domain.csproj", "{F895E50B-AAA1-4C51-AF21-3D41E5EE7A8A}"
EndProject
Project("{FAE04EC0-301F-11D3-BF4B-00C04F79EFBC}") = "SamuraiApp.Data", "SamuraiApp.Data\SamuraiApp.Data.csproj", "{6EA82199-08FA-4A6E-B2F0-FF8C286D4B6C}"
EndProject
Project("{FAE04EC0-301F-11D3-BF4B-00C04F79EFBC}") = "SamuraiApp.UI", "SamuraiApp.UI\SamuraiApp.UI.csproj", "{A20A61C0-2962-4D43-B82F-CE4554072B7A}"
EndProject
Global
	GlobalSection(SolutionConfigurationPlatforms) = preSolution
		Debug|Any CPU = Debug|Any CPU
		Release|Any CPU = Release|Any CPU
	EndGlobalSection
	GlobalSection(ProjectConfigurationPlatforms) = postSolution
		{F895E50B-AAA1-4C51-AF21-3D41E5EE7A8A}.Debug|Any CPU.ActiveCfg = Debug|Any CPU
		{F895E50B-AAA1-4C51-AF21-3D41E5EE7A8A}.Debug|Any CPU.Build.0 = Debug|Any CPU
		{F895E50B-AAA1-4C51-AF21-3D41E5EE7A8A}.Release|Any CPU.ActiveCfg = Release|Any CPU
		{F895E50B-AAA1-4C51-AF21-3D41E5EE7A8A}.Release|Any CPU.Build.0 = Release|Any CPU
		{6EA82199-08FA-4A6E-B2F0-FF8C286D4B6C}.Debug|Any CPU.ActiveCfg = Debug|Any CPU
		{6EA82199-08FA-4A6E-B2F0-FF8C286D4B6C}.Debug|Any CPU.Build.0 = Debug|Any CPU
		{6EA82199-08FA-4A6E-B2F0-FF8C286D4B6C}.Release|Any CPU.ActiveCfg = Release|Any CPU
		{6EA82199-08FA-4A6E-B2F0-FF8C286D4B6C}.Release|Any CPU.Build.0 = Release|Any CPU
		{A20A61C0-2962-4D43-B82F-CE4554072B7A}.Debug|Any CPU.ActiveCfg = Debug|Any CPU
		{A20A61C0-2962-4D43-B82F-CE4554072B7A}.Debug|Any CPU.Build.0 = Debug|Any CPU
		{A20A61C0-2962-4D43-B82F-CE4554072B7A}.Release|Any CPU.ActiveCfg = Release|Any CPU
		{A20A61C0-2962-4D43-B82F-CE4554072B7A}.Release|Any CPU.Build.0 = Release|Any CPU
	EndGlobalSection
	GlobalSection(SolutionProperties) = preSolution
		HideSolutionNode = FALSE
	EndGlobalSection
	GlobalSection(ExtensibilityGlobals) = postSolution
		SolutionGuid = {D05CF752-08E1-4A0E-8C5D-2D55AAB3D17C}
	EndGlobalSection
EndGlobal
